Microsoft Visual Studio Solution File, Format Version 12.00
# Visual Studio Version 17
VisualStudioVersion = 17.5.2.0
MinimumVisualStudioVersion = 10.0.40219.1
Project("{FAE04EC0-301F-11D3-BF4B-00C04F79EFBC}") = "DataverseTool", "DataverseTool\DataverseTool.csproj", "{EE675359-E136-12C5-7F13-51E2F67A0D2F}"
EndProject
Global
	GlobalSection(SolutionConfigurationPlatforms) = preSolution
		Debug|Any CPU = Debug|Any CPU
		Release|Any CPU = Release|Any CPU
	EndGlobalSection
	GlobalSection(ProjectConfigurationPlatforms) = postSolution
		{EE675359-E136-12C5-7F13-51E2F67A0D2F}.Debug|Any CPU.ActiveCfg = Debug|Any CPU
		{EE675359-E136-12C5-7F13-51E2F67A0D2F}.Debug|Any CPU.Build.0 = Debug|Any CPU
		{EE675359-E136-12C5-7F13-51E2F67A0D2F}.Release|Any CPU.ActiveCfg = Release|Any CPU
		{EE675359-E136-12C5-7F13-51E2F67A0D2F}.Release|Any CPU.Build.0 = Release|Any CPU
	EndGlobalSection
	GlobalSection(SolutionProperties) = preSolution
		HideSolutionNode = FALSE
	EndGlobalSection
	GlobalSection(ExtensibilityGlobals) = postSolution
		SolutionGuid = {4C3A8A79-D20D-4781-9836-8C2D48FB8B18}
	EndGlobalSection
EndGlobal
